// !$*UTF8*$!
{
	archiveVersion = 1;
	classes = {
	};
	objectVersion = 56;
	objects = {

/* Begin PBXBuildFile section */
		B1EC84D08B120EDCCAF062FE /* Pods_COVID19.framework in Frameworks */ = {isa = PBXBuildFile; fileRef = 90336CADC63D6B6E1F5B7467 /* Pods_COVID19.framework */; };
		E91DFF5E2AF0CA8F002F5835 /* AppDelegate.swift in Sources */ = {isa = PBXBuildFile; fileRef = E91DFF5D2AF0CA8F002F5835 /* AppDelegate.swift */; };
		E91DFF602AF0CA8F002F5835 /* SceneDelegate.swift in Sources */ = {isa = PBXBuildFile; fileRef = E91DFF5F2AF0CA8F002F5835 /* SceneDelegate.swift */; };
		E91DFF622AF0CA8F002F5835 /* ViewController.swift in Sources */ = {isa = PBXBuildFile; fileRef = E91DFF612AF0CA8F002F5835 /* ViewController.swift */; };
		E91DFF652AF0CA8F002F5835 /* Main.storyboard in Resources */ = {isa = PBXBuildFile; fileRef = E91DFF632AF0CA8F002F5835 /* Main.storyboard */; };
		E91DFF672AF0CA8F002F5835 /* Assets.xcassets in Resources */ = {isa = PBXBuildFile; fileRef = E91DFF662AF0CA8F002F5835 /* Assets.xcassets */; };
		E91DFF6A2AF0CA8F002F5835 /* LaunchScreen.storyboard in Resources */ = {isa = PBXBuildFile; fileRef = E91DFF682AF0CA8F002F5835 /* LaunchScreen.storyboard */; };
		E96F6B232AF0CC1600393CA1 /* CovidDetailViewController.swift in Sources */ = {isa = PBXBuildFile; fileRef = E96F6B222AF0CC1600393CA1 /* CovidDetailViewController.swift */; };
		E96F6B262AF0CDD200393CA1 /* CityCovidManager.swift in Sources */ = {isa = PBXBuildFile; fileRef = E96F6B242AF0CDD200393CA1 /* CityCovidManager.swift */; };
		E96F6B272AF0CDD200393CA1 /* CityCovidOverview.swift in Sources */ = {isa = PBXBuildFile; fileRef = E96F6B252AF0CDD200393CA1 /* CityCovidOverview.swift */; };
		E98CE8482AF0D28400AAF81D /* Covid-API.swift in Sources */ = {isa = PBXBuildFile; fileRef = E98CE8472AF0D28400AAF81D /* Covid-API.swift */; };
/* End PBXBuildFile section */

/* Begin PBXFileReference section */
		02B77C349385BF46325AD5A4 /* Pods-COVID19.debug.xcconfig */ = {isa = PBXFileReference; includeInIndex = 1; lastKnownFileType = text.xcconfig; name = "Pods-COVID19.debug.xcconfig"; path = "Target Support Files/Pods-COVID19/Pods-COVID19.debug.xcconfig"; sourceTree = "<group>"; };
		90336CADC63D6B6E1F5B7467 /* Pods_COVID19.framework */ = {isa = PBXFileReference; explicitFileType = wrapper.framework; includeInIndex = 0; path = Pods_COVID19.framework; sourceTree = BUILT_PRODUCTS_DIR; };
		CC86AC7F5A905FA6E23A34AD /* Pods-COVID19.release.xcconfig */ = {isa = PBXFileReference; includeInIndex = 1; lastKnownFileType = text.xcconfig; name = "Pods-COVID19.release.xcconfig"; path = "Target Support Files/Pods-COVID19/Pods-COVID19.release.xcconfig"; sourceTree = "<group>"; };
		E91DFF5A2AF0CA8F002F5835 /* COVID19.app */ = {isa = PBXFileReference; explicitFileType = wrapper.application; includeInIndex = 0; path = COVID19.app; sourceTree = BUILT_PRODUCTS_DIR; };
		E91DFF5D2AF0CA8F002F5835 /* AppDelegate.swift */ = {isa = PBXFileReference; lastKnownFileType = sourcecode.swift; path = AppDelegate.swift; sourceTree = "<group>"; };
		E91DFF5F2AF0CA8F002F5835 /* SceneDelegate.swift */ = {isa = PBXFileReference; lastKnownFileType = sourcecode.swift; path = SceneDelegate.swift; sourceTree = "<group>"; };
		E91DFF612AF0CA8F002F5835 /* ViewController.swift */ = {isa = PBXFileReference; lastKnownFileType = sourcecode.swift; path = ViewController.swift; sourceTree = "<group>"; };
		E91DFF642AF0CA8F002F5835 /* Base */ = {isa = PBXFileReference; lastKnownFileType = file.storyboard; name = Base; path = Base.lproj/Main.storyboard; sourceTree = "<group>"; };
		E91DFF662AF0CA8F002F5835 /* Assets.xcassets */ = {isa = PBXFileReference; lastKnownFileType = folder.assetcatalog; path = Assets.xcassets; sourceTree = "<group>"; };
		E91DFF692AF0CA8F002F5835 /* Base */ = {isa = PBXFileReference; lastKnownFileType = file.storyboard; name = Base; path = Base.lproj/LaunchScreen.storyboard; sourceTree = "<group>"; };
		E91DFF6B2AF0CA8F002F5835 /* Info.plist */ = {isa = PBXFileReference; lastKnownFileType = text.plist.xml; path = Info.plist; sourceTree = "<group>"; };
		E96F6B222AF0CC1600393CA1 /* CovidDetailViewController.swift */ = {isa = PBXFileReference; lastKnownFileType = sourcecode.swift; path = CovidDetailViewController.swift; sourceTree = "<group>"; };
		E96F6B242AF0CDD200393CA1 /* CityCovidManager.swift */ = {isa = PBXFileReference; fileEncoding = 4; lastKnownFileType = sourcecode.swift; path = CityCovidManager.swift; sourceTree = "<group>"; };
		E96F6B252AF0CDD200393CA1 /* CityCovidOverview.swift */ = {isa = PBXFileReference; fileEncoding = 4; lastKnownFileType = sourcecode.swift; path = CityCovidOverview.swift; sourceTree = "<group>"; };
		E98CE8472AF0D28400AAF81D /* Covid-API.swift */ = {isa = PBXFileReference; fileEncoding = 4; lastKnownFileType = sourcecode.swift; name = "Covid-API.swift"; path = "../../../private_data/swift/fastcampus/covid/Covid-API.swift"; sourceTree = "<group>"; };
/* End PBXFileReference section */

/* Begin PBXFrameworksBuildPhase section */
		E91DFF572AF0CA8F002F5835 /* Frameworks */ = {
			isa = PBXFrameworksBuildPhase;
			buildActionMask = 2147483647;
			files = (
				B1EC84D08B120EDCCAF062FE /* Pods_COVID19.framework in Frameworks */,
			);
			runOnlyForDeploymentPostprocessing = 0;
		};
/* End PBXFrameworksBuildPhase section */

/* Begin PBXGroup section */
		08D5D37C0612E9697685CA52 /* Frameworks */ = {
			isa = PBXGroup;
			children = (
				90336CADC63D6B6E1F5B7467 /* Pods_COVID19.framework */,
			);
			name = Frameworks;
			sourceTree = "<group>";
		};
		6F056C3FFB1BF20219DF1589 /* Pods */ = {
			isa = PBXGroup;
			children = (
				02B77C349385BF46325AD5A4 /* Pods-COVID19.debug.xcconfig */,
				CC86AC7F5A905FA6E23A34AD /* Pods-COVID19.release.xcconfig */,
			);
			path = Pods;
			sourceTree = "<group>";
		};
		E91DFF512AF0CA8F002F5835 = {
			isa = PBXGroup;
			children = (
				E91DFF5C2AF0CA8F002F5835 /* COVID19 */,
				E91DFF5B2AF0CA8F002F5835 /* Products */,
				6F056C3FFB1BF20219DF1589 /* Pods */,
				08D5D37C0612E9697685CA52 /* Frameworks */,
			);
			sourceTree = "<group>";
		};
		E91DFF5B2AF0CA8F002F5835 /* Products */ = {
			isa = PBXGroup;
			children = (
				E91DFF5A2AF0CA8F002F5835 /* COVID19.app */,
			);
			name = Products;
			sourceTree = "<group>";
		};
		E91DFF5C2AF0CA8F002F5835 /* COVID19 */ = {
			isa = PBXGroup;
			children = (
				E91DFF5D2AF0CA8F002F5835 /* AppDelegate.swift */,
				E91DFF5F2AF0CA8F002F5835 /* SceneDelegate.swift */,
				E96F6B202AF0CB1900393CA1 /* View */,
				E96F6B1F2AF0CB1300393CA1 /* Model */,
				E96F6B212AF0CB1E00393CA1 /* Controller */,
				E91DFF662AF0CA8F002F5835 /* Assets.xcassets */,
				E91DFF682AF0CA8F002F5835 /* LaunchScreen.storyboard */,
				E98CE8472AF0D28400AAF81D /* Covid-API.swift */,
				E91DFF6B2AF0CA8F002F5835 /* Info.plist */,
			);
			path = COVID19;
			sourceTree = "<group>";
		};
		E96F6B1F2AF0CB1300393CA1 /* Model */ = {
			isa = PBXGroup;
			children = (
				E96F6B242AF0CDD200393CA1 /* CityCovidManager.swift */,
				E96F6B252AF0CDD200393CA1 /* CityCovidOverview.swift */,
			);
			path = Model;
			sourceTree = "<group>";
		};
		E96F6B202AF0CB1900393CA1 /* View */ = {
			isa = PBXGroup;
			children = (
				E91DFF632AF0CA8F002F5835 /* Main.storyboard */,
			);
			path = View;
			sourceTree = "<group>";
		};
		E96F6B212AF0CB1E00393CA1 /* Controller */ = {
			isa = PBXGroup;
			children = (
				E91DFF612AF0CA8F002F5835 /* ViewController.swift */,
				E96F6B222AF0CC1600393CA1 /* CovidDetailViewController.swift */,
			);
			path = Controller;
			sourceTree = "<group>";
		};
/* End PBXGroup section */

/* Begin PBXNativeTarget section */
		E91DFF592AF0CA8F002F5835 /* COVID19 */ = {
			isa = PBXNativeTarget;
			buildConfigurationList = E91DFF6E2AF0CA8F002F5835 /* Build configuration list for PBXNativeTarget "COVID19" */;
			buildPhases = (
				28819DABF99B2F2FBFDBAC8E /* [CP] Check Pods Manifest.lock */,
				E91DFF562AF0CA8F002F5835 /* Sources */,
				E91DFF572AF0CA8F002F5835 /* Frameworks */,
				E91DFF582AF0CA8F002F5835 /* Resources */,
				2EA2E69596CE568CDB3FCCDB /* [CP] Embed Pods Frameworks */,
			);
			buildRules = (
			);
			dependencies = (
			);
			name = COVID19;
			productName = COVID19;
			productReference = E91DFF5A2AF0CA8F002F5835 /* COVID19.app */;
			productType = "com.apple.product-type.application";
		};
/* End PBXNativeTarget section */

/* Begin PBXProject section */
		E91DFF522AF0CA8F002F5835 /* Project object */ = {
			isa = PBXProject;
			attributes = {
				BuildIndependentTargetsInParallel = 1;
				LastSwiftUpdateCheck = 1500;
				LastUpgradeCheck = 1500;
				TargetAttributes = {
					E91DFF592AF0CA8F002F5835 = {
						CreatedOnToolsVersion = 15.0.1;
					};
				};
			};
			buildConfigurationList = E91DFF552AF0CA8F002F5835 /* Build configuration list for PBXProject "COVID19" */;
			compatibilityVersion = "Xcode 14.0";
			developmentRegion = en;
			hasScannedForEncodings = 0;
			knownRegions = (
				en,
				Base,
			);
			mainGroup = E91DFF512AF0CA8F002F5835;
			productRefGroup = E91DFF5B2AF0CA8F002F5835 /* Products */;
			projectDirPath = "";
			projectRoot = "";
			targets = (
				E91DFF592AF0CA8F002F5835 /* COVID19 */,
			);
		};
/* End PBXProject section */

/* Begin PBXResourcesBuildPhase section */
		E91DFF582AF0CA8F002F5835 /* Resources */ = {
			isa = PBXResourcesBuildPhase;
			buildActionMask = 2147483647;
			files = (
				E91DFF6A2AF0CA8F002F5835 /* LaunchScreen.storyboard in Resources */,
				E91DFF672AF0CA8F002F5835 /* Assets.xcassets in Resources */,
				E91DFF652AF0CA8F002F5835 /* Main.storyboard in Resources */,
			);
			runOnlyForDeploymentPostprocessing = 0;
		};
/* End PBXResourcesBuildPhase section */

/* Begin PBXShellScriptBuildPhase section */
		28819DABF99B2F2FBFDBAC8E /* [CP] Check Pods Manifest.lock */ = {
			isa = PBXShellScriptBuildPhase;
			buildActionMask = 2147483647;
			files = (
			);
			inputFileListPaths = (
			);
			inputPaths = (
				"${PODS_PODFILE_DIR_PATH}/Podfile.lock",
				"${PODS_ROOT}/Manifest.lock",
			);
			name = "[CP] Check Pods Manifest.lock";
			outputFileListPaths = (
			);
			outputPaths = (
				"$(DERIVED_FILE_DIR)/Pods-COVID19-checkManifestLockResult.txt",
			);
			runOnlyForDeploymentPostprocessing = 0;
			shellPath = /bin/sh;
			shellScript = "diff \"${PODS_PODFILE_DIR_PATH}/Podfile.lock\" \"${PODS_ROOT}/Manifest.lock\" > /dev/null\nif [ $? != 0 ] ; then\n    # print error to STDERR\n    echo \"error: The sandbox is not in sync with the Podfile.lock. Run 'pod install' or update your CocoaPods installation.\" >&2\n    exit 1\nfi\n# This output is used by Xcode 'outputs' to avoid re-running this script phase.\necho \"SUCCESS\" > \"${SCRIPT_OUTPUT_FILE_0}\"\n";
			showEnvVarsInLog = 0;
		};
		2EA2E69596CE568CDB3FCCDB /* [CP] Embed Pods Frameworks */ = {
			isa = PBXShellScriptBuildPhase;
			buildActionMask = 2147483647;
			files = (
			);
			inputFileListPaths = (
				"${PODS_ROOT}/Target Support Files/Pods-COVID19/Pods-COVID19-frameworks-${CONFIGURATION}-input-files.xcfilelist",
			);
			name = "[CP] Embed Pods Frameworks";
			outputFileListPaths = (
				"${PODS_ROOT}/Target Support Files/Pods-COVID19/Pods-COVID19-frameworks-${CONFIGURATION}-output-files.xcfilelist",
			);
			runOnlyForDeploymentPostprocessing = 0;
			shellPath = /bin/sh;
			shellScript = "\"${PODS_ROOT}/Target Support Files/Pods-COVID19/Pods-COVID19-frameworks.sh\"\n";
			showEnvVarsInLog = 0;
		};
/* End PBXShellScriptBuildPhase section */

/* Begin PBXSourcesBuildPhase section */
		E91DFF562AF0CA8F002F5835 /* Sources */ = {
			isa = PBXSourcesBuildPhase;
			buildActionMask = 2147483647;
			files = (
				E91DFF622AF0CA8F002F5835 /* ViewController.swift in Sources */,
				E96F6B232AF0CC1600393CA1 /* CovidDetailViewController.swift in Sources */,
				E91DFF5E2AF0CA8F002F5835 /* AppDelegate.swift in Sources */,
				E96F6B272AF0CDD200393CA1 /* CityCovidOverview.swift in Sources */,
				E98CE8482AF0D28400AAF81D /* Covid-API.swift in Sources */,
				E96F6B262AF0CDD200393CA1 /* CityCovidManager.swift in Sources */,
				E91DFF602AF0CA8F002F5835 /* SceneDelegate.swift in Sources */,
			);
			runOnlyForDeploymentPostprocessing = 0;
		};
/* End PBXSourcesBuildPhase section */

/* Begin PBXVariantGroup section */
		E91DFF632AF0CA8F002F5835 /* Main.storyboard */ = {
			isa = PBXVariantGroup;
			children = (
				E91DFF642AF0CA8F002F5835 /* Base */,
			);
			name = Main.storyboard;
			sourceTree = "<group>";
		};
		E91DFF682AF0CA8F002F5835 /* LaunchScreen.storyboard */ = {
			isa = PBXVariantGroup;
			children = (
				E91DFF692AF0CA8F002F5835 /* Base */,
			);
			name = LaunchScreen.storyboard;
			sourceTree = "<group>";
		};
/* End PBXVariantGroup section */

/* Begin XCBuildConfiguration section */
		E91DFF6C2AF0CA8F002F5835 /* Debug */ = {
			isa = XCBuildConfiguration;
			buildSettings = {
				ALWAYS_SEARCH_USER_PATHS = NO;
				ASSETCATALOG_COMPILER_GENERATE_SWIFT_ASSET_SYMBOL_EXTENSIONS = YES;
				CLANG_ANALYZER_NONNULL = YES;
				CLANG_ANALYZER_NUMBER_OBJECT_CONVERSION = YES_AGGRESSIVE;
				CLANG_CXX_LANGUAGE_STANDARD = "gnu++20";
				CLANG_ENABLE_MODULES = YES;
				CLANG_ENABLE_OBJC_ARC = YES;
				CLANG_ENABLE_OBJC_WEAK = YES;
				CLANG_WARN_BLOCK_CAPTURE_AUTORELEASING = YES;
				CLANG_WARN_BOOL_CONVERSION = YES;
				CLANG_WARN_COMMA = YES;
				CLANG_WARN_CONSTANT_CONVERSION = YES;
				CLANG_WARN_DEPRECATED_OBJC_IMPLEMENTATIONS = YES;
				CLANG_WARN_DIRECT_OBJC_ISA_USAGE = YES_ERROR;
				CLANG_WARN_DOCUMENTATION_COMMENTS = YES;
				CLANG_WARN_EMPTY_BODY = YES;
				CLANG_WARN_ENUM_CONVERSION = YES;
				CLANG_WARN_INFINITE_RECURSION = YES;
				CLANG_WARN_INT_CONVERSION = YES;
				CLANG_WARN_NON_LITERAL_NULL_CONVERSION = YES;
				CLANG_WARN_OBJC_IMPLICIT_RETAIN_SELF = YES;
				CLANG_WARN_OBJC_LITERAL_CONVERSION = YES;
				CLANG_WARN_OBJC_ROOT_CLASS = YES_ERROR;
				CLANG_WARN_QUOTED_INCLUDE_IN_FRAMEWORK_HEADER = YES;
				CLANG_WARN_RANGE_LOOP_ANALYSIS = YES;
				CLANG_WARN_STRICT_PROTOTYPES = YES;
				CLANG_WARN_SUSPICIOUS_MOVE = YES;
				CLANG_WARN_UNGUARDED_AVAILABILITY = YES_AGGRESSIVE;
				CLANG_WARN_UNREACHABLE_CODE = YES;
				CLANG_WARN__DUPLICATE_METHOD_MATCH = YES;
				COPY_PHASE_STRIP = NO;
				DEBUG_INFORMATION_FORMAT = dwarf;
				ENABLE_STRICT_OBJC_MSGSEND = YES;
				ENABLE_TESTABILITY = YES;
				ENABLE_USER_SCRIPT_SANDBOXING = NO;
				GCC_C_LANGUAGE_STANDARD = gnu17;
				GCC_DYNAMIC_NO_PIC = NO;
				GCC_NO_COMMON_BLOCKS = YES;
				GCC_OPTIMIZATION_LEVEL = 0;
				GCC_PREPROCESSOR_DEFINITIONS = (
					"DEBUG=1",
					"$(inherited)",
				);
				GCC_WARN_64_TO_32_BIT_CONVERSION = YES;
				GCC_WARN_ABOUT_RETURN_TYPE = YES_ERROR;
				GCC_WARN_UNDECLARED_SELECTOR = YES;
				GCC_WARN_UNINITIALIZED_AUTOS = YES_AGGRESSIVE;
				GCC_WARN_UNUSED_FUNCTION = YES;
				GCC_WARN_UNUSED_VARIABLE = YES;
				IPHONEOS_DEPLOYMENT_TARGET = 17.0;
				LOCALIZATION_PREFERS_STRING_CATALOGS = YES;
				MTL_ENABLE_DEBUG_INFO = INCLUDE_SOURCE;
				MTL_FAST_MATH = YES;
				ONLY_ACTIVE_ARCH = YES;
				SDKROOT = iphoneos;
				SWIFT_ACTIVE_COMPILATION_CONDITIONS = "DEBUG $(inherited)";
				SWIFT_OPTIMIZATION_LEVEL = "-Onone";
			};
			name = Debug;
		};
		E91DFF6D2AF0CA8F002F5835 /* Release */ = {
			isa = XCBuildConfiguration;
			buildSettings = {
				ALWAYS_SEARCH_USER_PATHS = NO;
				ASSETCATALOG_COMPILER_GENERATE_SWIFT_ASSET_SYMBOL_EXTENSIONS = YES;
				CLANG_ANALYZER_NONNULL = YES;
				CLANG_ANALYZER_NUMBER_OBJECT_CONVERSION = YES_AGGRESSIVE;
				CLANG_CXX_LANGUAGE_STANDARD = "gnu++20";
				CLANG_ENABLE_MODULES = YES;
				CLANG_ENABLE_OBJC_ARC = YES;
				CLANG_ENABLE_OBJC_WEAK = YES;
				CLANG_WARN_BLOCK_CAPTURE_AUTORELEASING = YES;
				CLANG_WARN_BOOL_CONVERSION = YES;
				CLANG_WARN_COMMA = YES;
				CLANG_WARN_CONSTANT_CONVERSION = YES;
				CLANG_WARN_DEPRECATED_OBJC_IMPLEMENTATIONS = YES;
				CLANG_WARN_DIRECT_OBJC_ISA_USAGE = YES_ERROR;
				CLANG_WARN_DOCUMENTATION_COMMENTS = YES;
				CLANG_WARN_EMPTY_BODY = YES;
				CLANG_WARN_ENUM_CONVERSION = YES;
				CLANG_WARN_INFINITE_RECURSION = YES;
				CLANG_WARN_INT_CONVERSION = YES;
				CLANG_WARN_NON_LITERAL_NULL_CONVERSION = YES;
				CLANG_WARN_OBJC_IMPLICIT_RETAIN_SELF = YES;
				CLANG_WARN_OBJC_LITERAL_CONVERSION = YES;
				CLANG_WARN_OBJC_ROOT_CLASS = YES_ERROR;
				CLANG_WARN_QUOTED_INCLUDE_IN_FRAMEWORK_HEADER = YES;
				CLANG_WARN_RANGE_LOOP_ANALYSIS = YES;
				CLANG_WARN_STRICT_PROTOTYPES = YES;
				CLANG_WARN_SUSPICIOUS_MOVE = YES;
				CLANG_WARN_UNGUARDED_AVAILABILITY = YES_AGGRESSIVE;
				CLANG_WARN_UNREACHABLE_CODE = YES;
				CLANG_WARN__DUPLICATE_METHOD_MATCH = YES;
				COPY_PHASE_STRIP = NO;
				DEBUG_INFORMATION_FORMAT = "dwarf-with-dsym";
				ENABLE_NS_ASSERTIONS = NO;
				ENABLE_STRICT_OBJC_MSGSEND = YES;
				ENABLE_USER_SCRIPT_SANDBOXING = NO;
				GCC_C_LANGUAGE_STANDARD = gnu17;
				GCC_NO_COMMON_BLOCKS = YES;
				GCC_WARN_64_TO_32_BIT_CONVERSION = YES;
				GCC_WARN_ABOUT_RETURN_TYPE = YES_ERROR;
				GCC_WARN_UNDECLARED_SELECTOR = YES;
				GCC_WARN_UNINITIALIZED_AUTOS = YES_AGGRESSIVE;
				GCC_WARN_UNUSED_FUNCTION = YES;
				GCC_WARN_UNUSED_VARIABLE = YES;
				IPHONEOS_DEPLOYMENT_TARGET = 17.0;
				LOCALIZATION_PREFERS_STRING_CATALOGS = YES;
				MTL_ENABLE_DEBUG_INFO = NO;
				MTL_FAST_MATH = YES;
				SDKROOT = iphoneos;
				SWIFT_COMPILATION_MODE = wholemodule;
				VALIDATE_PRODUCT = YES;
			};
			name = Release;
		};
		E91DFF6F2AF0CA8F002F5835 /* Debug */ = {
			isa = XCBuildConfiguration;
			baseConfigurationReference = 02B77C349385BF46325AD5A4 /* Pods-COVID19.debug.xcconfig */;
			buildSettings = {
				ASSETCATALOG_COMPILER_APPICON_NAME = AppIcon;
				ASSETCATALOG_COMPILER_GLOBAL_ACCENT_COLOR_NAME = AccentColor;
				CODE_SIGN_STYLE = Automatic;
				CURRENT_PROJECT_VERSION = 1;
				DEVELOPMENT_TEAM = 3396RBUT6V;
				GENERATE_INFOPLIST_FILE = YES;
				INFOPLIST_FILE = COVID19/Info.plist;
				INFOPLIST_KEY_UIApplicationSupportsIndirectInputEvents = YES;
				INFOPLIST_KEY_UILaunchStoryboardName = LaunchScreen;
				INFOPLIST_KEY_UIMainStoryboardFile = Main;
				INFOPLIST_KEY_UISupportedInterfaceOrientations_iPad = "UIInterfaceOrientationPortrait UIInterfaceOrientationPortraitUpsideDown UIInterfaceOrientationLandscapeLeft UIInterfaceOrientationLandscapeRight";
				INFOPLIST_KEY_UISupportedInterfaceOrientations_iPhone = "UIInterfaceOrientationPortrait UIInterfaceOrientationLandscapeLeft UIInterfaceOrientationLandscapeRight";
				IPHONEOS_DEPLOYMENT_TARGET = 13.6;
				LD_RUNPATH_SEARCH_PATHS = (
					"$(inherited)",
					"@executable_path/Frameworks",
				);
				MARKETING_VERSION = 1.0;
				PRODUCT_BUNDLE_IDENTIFIER = com.sbpark88.COVID19;
				PRODUCT_NAME = "$(TARGET_NAME)";
				SWIFT_EMIT_LOC_STRINGS = YES;
				SWIFT_VERSION = 5.0;
				TARGETED_DEVICE_FAMILY = "1,2";
			};
			name = Debug;
		};
		E91DFF702AF0CA8F002F5835 /* Release */ = {
			isa = XCBuildConfiguration;
			baseConfigurationReference = CC86AC7F5A905FA6E23A34AD /* Pods-COVID19.release.xcconfig */;
			buildSettings = {
				ASSETCATALOG_COMPILER_APPICON_NAME = AppIcon;
				ASSETCATALOG_COMPILER_GLOBAL_ACCENT_COLOR_NAME = AccentColor;
				CODE_SIGN_STYLE = Automatic;
				CURRENT_PROJECT_VERSION = 1;
				DEVELOPMENT_TEAM = 3396RBUT6V;
				GENERATE_INFOPLIST_FILE = YES;
				INFOPLIST_FILE = COVID19/Info.plist;
				INFOPLIST_KEY_UIApplicationSupportsIndirectInputEvents = YES;
				INFOPLIST_KEY_UILaunchStoryboardName = LaunchScreen;
				INFOPLIST_KEY_UIMainStoryboardFile = Main;
				INFOPLIST_KEY_UISupportedInterfaceOrientations_iPad = "UIInterfaceOrientationPortrait UIInterfaceOrientationPortraitUpsideDown UIInterfaceOrientationLandscapeLeft UIInterfaceOrientationLandscapeRight";
				INFOPLIST_KEY_UISupportedInterfaceOrientations_iPhone = "UIInterfaceOrientationPortrait UIInterfaceOrientationLandscapeLeft UIInterfaceOrientationLandscapeRight";
				IPHONEOS_DEPLOYMENT_TARGET = 13.6;
				LD_RUNPATH_SEARCH_PATHS = (
					"$(inherited)",
					"@executable_path/Frameworks",
				);
				MARKETING_VERSION = 1.0;
				PRODUCT_BUNDLE_IDENTIFIER = com.sbpark88.COVID19;
				PRODUCT_NAME = "$(TARGET_NAME)";
				SWIFT_EMIT_LOC_STRINGS = YES;
				SWIFT_VERSION = 5.0;
				TARGETED_DEVICE_FAMILY = "1,2";
			};
			name = Release;
		};
/* End XCBuildConfiguration section */

/* Begin XCConfigurationList section */
		E91DFF552AF0CA8F002F5835 /* Build configuration list for PBXProject "COVID19" */ = {
			isa = XCConfigurationList;
			buildConfigurations = (
				E91DFF6C2AF0CA8F002F5835 /* Debug */,
				E91DFF6D2AF0CA8F002F5835 /* Release */,
			);
			defaultConfigurationIsVisible = 0;
			defaultConfigurationName = Release;
		};
		E91DFF6E2AF0CA8F002F5835 /* Build configuration list for PBXNativeTarget "COVID19" */ = {
			isa = XCConfigurationList;
			buildConfigurations = (
				E91DFF6F2AF0CA8F002F5835 /* Debug */,
				E91DFF702AF0CA8F002F5835 /* Release */,
			);
			defaultConfigurationIsVisible = 0;
			defaultConfigurationName = Release;
		};
/* End XCConfigurationList section */
	};
	rootObject = E91DFF522AF0CA8F002F5835 /* Project object */;
}
